
Microsoft Visual Studio Solution File, Format Version 12.00
# Visual Studio Version 17
VisualStudioVersion = 17.3.32929.385
MinimumVisualStudioVersion = 10.0.40219.1
Project("{FAE04EC0-301F-11D3-BF4B-00C04F79EFBC}") = "laborator 8", "laborator 8\laborator 8.csproj", "{271D346B-2310-4684-B4F5-A06749A8D769}"
EndProject
Global
	GlobalSection(SolutionConfigurationPlatforms) = preSolution
		Debug|Any CPU = Debug|Any CPU
		Release|Any CPU = Release|Any CPU
	EndGlobalSection
	GlobalSection(ProjectConfigurationPlatforms) = postSolution
		{271D346B-2310-4684-B4F5-A06749A8D769}.Debug|Any CPU.ActiveCfg = Debug|Any CPU
		{271D346B-2310-4684-B4F5-A06749A8D769}.Debug|Any CPU.Build.0 = Debug|Any CPU
		{271D346B-2310-4684-B4F5-A06749A8D769}.Release|Any CPU.ActiveCfg = Release|Any CPU
		{271D346B-2310-4684-B4F5-A06749A8D769}.Release|Any CPU.Build.0 = Release|Any CPU
	EndGlobalSection
	GlobalSection(SolutionProperties) = preSolution
		HideSolutionNode = FALSE
	EndGlobalSection
	GlobalSection(ExtensibilityGlobals) = postSolution
		SolutionGuid = {25066710-51F8-4EA1-B43C-F51088A96926}
	EndGlobalSection
EndGlobal
